
Microsoft Visual Studio Solution File, Format Version 12.00
# Visual Studio 15
VisualStudioVersion = 15.0.27309.0
MinimumVisualStudioVersion = 10.0.40219.1
Project("{FAE04EC0-301F-11D3-BF4B-00C04F79EFBC}") = "ORPI.Web", "ORPI.Web\ORPI.Web.csproj", "{04AF55D2-7454-4652-A486-91269AE24943}"
EndProject
Project("{FAE04EC0-301F-11D3-BF4B-00C04F79EFBC}") = "ORPI.BL", "ORPI.BL\ORPI.BL.csproj", "{C0199782-B3C3-4F1E-B922-3693ABA01AC5}"
EndProject
Project("{FAE04EC0-301F-11D3-BF4B-00C04F79EFBC}") = "ORPI.DAL", "ORPI.DAL\ORPI.DAL.csproj", "{36567F78-78A9-4581-949C-C0D8C4D20E44}"
EndProject
Global
	GlobalSection(SolutionConfigurationPlatforms) = preSolution
		Debug|Any CPU = Debug|Any CPU
		Release|Any CPU = Release|Any CPU
	EndGlobalSection
	GlobalSection(ProjectConfigurationPlatforms) = postSolution
		{04AF55D2-7454-4652-A486-91269AE24943}.Debug|Any CPU.ActiveCfg = Debug|Any CPU
		{04AF55D2-7454-4652-A486-91269AE24943}.Debug|Any CPU.Build.0 = Debug|Any CPU
		{04AF55D2-7454-4652-A486-91269AE24943}.Release|Any CPU.ActiveCfg = Release|Any CPU
		{04AF55D2-7454-4652-A486-91269AE24943}.Release|Any CPU.Build.0 = Release|Any CPU
		{C0199782-B3C3-4F1E-B922-3693ABA01AC5}.Debug|Any CPU.ActiveCfg = Debug|Any CPU
		{C0199782-B3C3-4F1E-B922-3693ABA01AC5}.Debug|Any CPU.Build.0 = Debug|Any CPU
		{C0199782-B3C3-4F1E-B922-3693ABA01AC5}.Release|Any CPU.ActiveCfg = Release|Any CPU
		{C0199782-B3C3-4F1E-B922-3693ABA01AC5}.Release|Any CPU.Build.0 = Release|Any CPU
		{36567F78-78A9-4581-949C-C0D8C4D20E44}.Debug|Any CPU.ActiveCfg = Debug|Any CPU
		{36567F78-78A9-4581-949C-C0D8C4D20E44}.Debug|Any CPU.Build.0 = Debug|Any CPU
		{36567F78-78A9-4581-949C-C0D8C4D20E44}.Release|Any CPU.ActiveCfg = Release|Any CPU
		{36567F78-78A9-4581-949C-C0D8C4D20E44}.Release|Any CPU.Build.0 = Release|Any CPU
	EndGlobalSection
	GlobalSection(SolutionProperties) = preSolution
		HideSolutionNode = FALSE
	EndGlobalSection
	GlobalSection(ExtensibilityGlobals) = postSolution
		SolutionGuid = {21AE2107-0E16-45EA-BF6B-FDF9069140C4}
	EndGlobalSection
EndGlobal
